
Microsoft Visual Studio Solution File, Format Version 12.00
# Visual Studio Version 16
VisualStudioVersion = 16.0.30523.141
MinimumVisualStudioVersion = 10.0.40219.1
Project("{FAE04EC0-301F-11D3-BF4B-00C04F79EFBC}") = "PCE_01_Project", "PCE_01_Project\PCE_01_Project.csproj", "{59FCA868-CF96-4113-8138-00B0260E6283}"
EndProject
Global
	GlobalSection(SolutionConfigurationPlatforms) = preSolution
		Debug|Any CPU = Debug|Any CPU
		Release|Any CPU = Release|Any CPU
	EndGlobalSection
	GlobalSection(ProjectConfigurationPlatforms) = postSolution
		{59FCA868-CF96-4113-8138-00B0260E6283}.Debug|Any CPU.ActiveCfg = Debug|Any CPU
		{59FCA868-CF96-4113-8138-00B0260E6283}.Debug|Any CPU.Build.0 = Debug|Any CPU
		{59FCA868-CF96-4113-8138-00B0260E6283}.Release|Any CPU.ActiveCfg = Release|Any CPU
		{59FCA868-CF96-4113-8138-00B0260E6283}.Release|Any CPU.Build.0 = Release|Any CPU
	EndGlobalSection
	GlobalSection(SolutionProperties) = preSolution
		HideSolutionNode = FALSE
	EndGlobalSection
	GlobalSection(ExtensibilityGlobals) = postSolution
		SolutionGuid = {628EFD85-02D4-4D59-A37B-C8B506A03308}
	EndGlobalSection
EndGlobal
